
Microsoft Visual Studio Solution File, Format Version 12.00
# Visual Studio Version 17
VisualStudioVersion = 17.8.34219.65
MinimumVisualStudioVersion = 10.0.40219.1
Project("{FAE04EC0-301F-11D3-BF4B-00C04F79EFBC}") = "ASCII.Converter", "ASCII.Converter.csproj", "{0CC02CC9-A11A-4C38-81E7-9DF5F176130C}"
EndProject
Global
	GlobalSection(SolutionConfigurationPlatforms) = preSolution
		Debug|Any CPU = Debug|Any CPU
		Release|Any CPU = Release|Any CPU
	EndGlobalSection
	GlobalSection(ProjectConfigurationPlatforms) = postSolution
		{0CC02CC9-A11A-4C38-81E7-9DF5F176130C}.Debug|Any CPU.ActiveCfg = Debug|Any CPU
		{0CC02CC9-A11A-4C38-81E7-9DF5F176130C}.Debug|Any CPU.Build.0 = Debug|Any CPU
		{0CC02CC9-A11A-4C38-81E7-9DF5F176130C}.Release|Any CPU.ActiveCfg = Release|Any CPU
		{0CC02CC9-A11A-4C38-81E7-9DF5F176130C}.Release|Any CPU.Build.0 = Release|Any CPU
	EndGlobalSection
	GlobalSection(SolutionProperties) = preSolution
		HideSolutionNode = FALSE
	EndGlobalSection
	GlobalSection(ExtensibilityGlobals) = postSolution
		SolutionGuid = {621ED112-D6AD-40E6-AB51-BBA948FF46FA}
	EndGlobalSection
EndGlobal
